
Microsoft Visual Studio Solution File, Format Version 12.00
# Visual Studio Version 17
VisualStudioVersion = 17.1.32414.318
MinimumVisualStudioVersion = 10.0.40219.1
Project("{FAE04EC0-301F-11D3-BF4B-00C04F79EFBC}") = "Shape", "Shape\Shape.csproj", "{17E22580-C5C0-4775-B2FE-EB1F1A1E1186}"
EndProject
Global
	GlobalSection(SolutionConfigurationPlatforms) = preSolution
		Debug|Any CPU = Debug|Any CPU
		Release|Any CPU = Release|Any CPU
	EndGlobalSection
	GlobalSection(ProjectConfigurationPlatforms) = postSolution
		{17E22580-C5C0-4775-B2FE-EB1F1A1E1186}.Debug|Any CPU.ActiveCfg = Debug|Any CPU
		{17E22580-C5C0-4775-B2FE-EB1F1A1E1186}.Debug|Any CPU.Build.0 = Debug|Any CPU
		{17E22580-C5C0-4775-B2FE-EB1F1A1E1186}.Release|Any CPU.ActiveCfg = Release|Any CPU
		{17E22580-C5C0-4775-B2FE-EB1F1A1E1186}.Release|Any CPU.Build.0 = Release|Any CPU
	EndGlobalSection
	GlobalSection(SolutionProperties) = preSolution
		HideSolutionNode = FALSE
	EndGlobalSection
	GlobalSection(ExtensibilityGlobals) = postSolution
		SolutionGuid = {A1AF6380-18A4-4BFF-BAA3-83712B49132F}
	EndGlobalSection
EndGlobal
